{
  "name": "market-db",
  "version": "0.0.4",
  "lockfileVersion": 1,
  "requires": true,
  "dependencies": {
    "electron-db": {
      "version": "0.15.7",
      "resolved": "https://registry.npmjs.org/electron-db/-/electron-db-0.15.7.tgz",
      "integrity": "sha512-9EwGaSFjuyHBI2d6jTeSrzspLR/HJaWlvG3YgYSj+Ai2HvG7RNB49k6x9rJ/Hi72RWVL8hkSfjQSVZeZu/Rjxw=="
    }
  }
}
